
Microsoft Visual Studio Solution File, Format Version 12.00
Project("{FAE04EC0-301F-11D3-BF4B-00C04F79EFBC}") = "Binary_Search", "Binary_Search\Binary_Search.csproj", "{6C754715-BDB3-425D-B846-45DAFB0D507B}"
EndProject
Project("{FAE04EC0-301F-11D3-BF4B-00C04F79EFBC}") = "FirstBadVersion", "FirstBadVersion\FirstBadVersion.csproj", "{FEC1E974-0FA9-4C97-AE2C-654CB5756BAC}"
EndProject
Project("{FAE04EC0-301F-11D3-BF4B-00C04F79EFBC}") = "Search Insert Position", "Search Insert Position\Search Insert Position.csproj", "{2D5ECF87-C651-4B2E-B784-DA6C5F49D051}"
EndProject
Project("{FAE04EC0-301F-11D3-BF4B-00C04F79EFBC}") = "SquaresOfASortedArray", "SquaresOfASortedArray\SquaresOfASortedArray.csproj", "{ED6657CA-F8EB-498F-B494-4564D27DF0AE}"
EndProject
Project("{FAE04EC0-301F-11D3-BF4B-00C04F79EFBC}") = "RotateArray", "RotateArray\RotateArray.csproj", "{FFFE9C88-904F-406D-A69B-81500F4D91CF}"
EndProject
Global
	GlobalSection(SolutionConfigurationPlatforms) = preSolution
		Debug|Any CPU = Debug|Any CPU
		Release|Any CPU = Release|Any CPU
	EndGlobalSection
	GlobalSection(ProjectConfigurationPlatforms) = postSolution
		{6C754715-BDB3-425D-B846-45DAFB0D507B}.Debug|Any CPU.ActiveCfg = Debug|Any CPU
		{6C754715-BDB3-425D-B846-45DAFB0D507B}.Debug|Any CPU.Build.0 = Debug|Any CPU
		{6C754715-BDB3-425D-B846-45DAFB0D507B}.Release|Any CPU.ActiveCfg = Release|Any CPU
		{6C754715-BDB3-425D-B846-45DAFB0D507B}.Release|Any CPU.Build.0 = Release|Any CPU
		{FEC1E974-0FA9-4C97-AE2C-654CB5756BAC}.Debug|Any CPU.ActiveCfg = Debug|Any CPU
		{FEC1E974-0FA9-4C97-AE2C-654CB5756BAC}.Debug|Any CPU.Build.0 = Debug|Any CPU
		{FEC1E974-0FA9-4C97-AE2C-654CB5756BAC}.Release|Any CPU.ActiveCfg = Release|Any CPU
		{FEC1E974-0FA9-4C97-AE2C-654CB5756BAC}.Release|Any CPU.Build.0 = Release|Any CPU
		{2D5ECF87-C651-4B2E-B784-DA6C5F49D051}.Debug|Any CPU.ActiveCfg = Debug|Any CPU
		{2D5ECF87-C651-4B2E-B784-DA6C5F49D051}.Debug|Any CPU.Build.0 = Debug|Any CPU
		{2D5ECF87-C651-4B2E-B784-DA6C5F49D051}.Release|Any CPU.ActiveCfg = Release|Any CPU
		{2D5ECF87-C651-4B2E-B784-DA6C5F49D051}.Release|Any CPU.Build.0 = Release|Any CPU
		{ED6657CA-F8EB-498F-B494-4564D27DF0AE}.Debug|Any CPU.ActiveCfg = Debug|Any CPU
		{ED6657CA-F8EB-498F-B494-4564D27DF0AE}.Debug|Any CPU.Build.0 = Debug|Any CPU
		{ED6657CA-F8EB-498F-B494-4564D27DF0AE}.Release|Any CPU.ActiveCfg = Release|Any CPU
		{ED6657CA-F8EB-498F-B494-4564D27DF0AE}.Release|Any CPU.Build.0 = Release|Any CPU
		{FFFE9C88-904F-406D-A69B-81500F4D91CF}.Debug|Any CPU.ActiveCfg = Debug|Any CPU
		{FFFE9C88-904F-406D-A69B-81500F4D91CF}.Debug|Any CPU.Build.0 = Debug|Any CPU
		{FFFE9C88-904F-406D-A69B-81500F4D91CF}.Release|Any CPU.ActiveCfg = Release|Any CPU
		{FFFE9C88-904F-406D-A69B-81500F4D91CF}.Release|Any CPU.Build.0 = Release|Any CPU
	EndGlobalSection
EndGlobal
